
Microsoft Visual Studio Solution File, Format Version 12.00
# Visual Studio Version 16
VisualStudioVersion = 16.0.32002.261
MinimumVisualStudioVersion = 10.0.40219.1
Project("{888888A0-9F3D-457C-B088-3A5042F75D52}") = "Fractalce", "Fractalce.pyproj", "{F4EE0FAD-373F-4A10-A310-1DEBCA522534}"
EndProject
Global
	GlobalSection(SolutionConfigurationPlatforms) = preSolution
		Debug|Any CPU = Debug|Any CPU
		Release|Any CPU = Release|Any CPU
	EndGlobalSection
	GlobalSection(ProjectConfigurationPlatforms) = postSolution
		{F4EE0FAD-373F-4A10-A310-1DEBCA522534}.Debug|Any CPU.ActiveCfg = Debug|Any CPU
		{F4EE0FAD-373F-4A10-A310-1DEBCA522534}.Release|Any CPU.ActiveCfg = Release|Any CPU
	EndGlobalSection
	GlobalSection(SolutionProperties) = preSolution
		HideSolutionNode = FALSE
	EndGlobalSection
	GlobalSection(ExtensibilityGlobals) = postSolution
		SolutionGuid = {E4A8E59F-999C-45AD-87B3-0CF2E505E465}
	EndGlobalSection
EndGlobal
